
Microsoft Visual Studio Solution File, Format Version 12.00
# Visual Studio Version 16
VisualStudioVersion = 16.0.33130.400
MinimumVisualStudioVersion = 10.0.40219.1
Project("{FAE04EC0-301F-11D3-BF4B-00C04F79EFBC}") = "LastResortBADPJ", "LastResortBADPJ.csproj", "{754E9EF5-0DB1-453A-9409-54A9706C97AB}"
EndProject
Global
	GlobalSection(SolutionConfigurationPlatforms) = preSolution
		Debug|Any CPU = Debug|Any CPU
		Release|Any CPU = Release|Any CPU
	EndGlobalSection
	GlobalSection(ProjectConfigurationPlatforms) = postSolution
		{754E9EF5-0DB1-453A-9409-54A9706C97AB}.Debug|Any CPU.ActiveCfg = Debug|Any CPU
		{754E9EF5-0DB1-453A-9409-54A9706C97AB}.Debug|Any CPU.Build.0 = Debug|Any CPU
		{754E9EF5-0DB1-453A-9409-54A9706C97AB}.Release|Any CPU.ActiveCfg = Release|Any CPU
		{754E9EF5-0DB1-453A-9409-54A9706C97AB}.Release|Any CPU.Build.0 = Release|Any CPU
	EndGlobalSection
	GlobalSection(SolutionProperties) = preSolution
		HideSolutionNode = FALSE
	EndGlobalSection
	GlobalSection(ExtensibilityGlobals) = postSolution
		SolutionGuid = {29AE0D8C-86E1-46B9-AB59-39BB2F15ED65}
	EndGlobalSection
EndGlobal
